
Microsoft Visual Studio Solution File, Format Version 12.00
# Visual Studio 15
VisualStudioVersion = 15.0.26730.12
MinimumVisualStudioVersion = 10.0.40219.1
Project("{FAE04EC0-301F-11D3-BF4B-00C04F79EFBC}") = "SimpleDI", "SimpleDI\SimpleDI.csproj", "{CE3012E3-8A15-485C-833A-B8F7E1622D6C}"
EndProject
Global
	GlobalSection(SolutionConfigurationPlatforms) = preSolution
		Debug|Any CPU = Debug|Any CPU
		Release|Any CPU = Release|Any CPU
	EndGlobalSection
	GlobalSection(ProjectConfigurationPlatforms) = postSolution
		{CE3012E3-8A15-485C-833A-B8F7E1622D6C}.Debug|Any CPU.ActiveCfg = Debug|Any CPU
		{CE3012E3-8A15-485C-833A-B8F7E1622D6C}.Debug|Any CPU.Build.0 = Debug|Any CPU
		{CE3012E3-8A15-485C-833A-B8F7E1622D6C}.Release|Any CPU.ActiveCfg = Release|Any CPU
		{CE3012E3-8A15-485C-833A-B8F7E1622D6C}.Release|Any CPU.Build.0 = Release|Any CPU
	EndGlobalSection
	GlobalSection(SolutionProperties) = preSolution
		HideSolutionNode = FALSE
	EndGlobalSection
	GlobalSection(ExtensibilityGlobals) = postSolution
		SolutionGuid = {BB1067DB-C62A-44B1-91FE-F390CB335E87}
	EndGlobalSection
EndGlobal
